
Microsoft Visual Studio Solution File, Format Version 12.00
# Visual Studio Version 17
VisualStudioVersion = 17.6.33723.286
MinimumVisualStudioVersion = 10.0.40219.1
Project("{FAE04EC0-301F-11D3-BF4B-00C04F79EFBC}") = "WindowsFormsApp1", "WindowsFormsApp1\WindowsFormsApp1.csproj", "{C1EBD738-E7CB-4104-A123-20F3DE84D779}"
EndProject
Global
	GlobalSection(SolutionConfigurationPlatforms) = preSolution
		Debug|Any CPU = Debug|Any CPU
		Release|Any CPU = Release|Any CPU
	EndGlobalSection
	GlobalSection(ProjectConfigurationPlatforms) = postSolution
		{C1EBD738-E7CB-4104-A123-20F3DE84D779}.Debug|Any CPU.ActiveCfg = Debug|Any CPU
		{C1EBD738-E7CB-4104-A123-20F3DE84D779}.Debug|Any CPU.Build.0 = Debug|Any CPU
		{C1EBD738-E7CB-4104-A123-20F3DE84D779}.Release|Any CPU.ActiveCfg = Release|Any CPU
		{C1EBD738-E7CB-4104-A123-20F3DE84D779}.Release|Any CPU.Build.0 = Release|Any CPU
	EndGlobalSection
	GlobalSection(SolutionProperties) = preSolution
		HideSolutionNode = FALSE
	EndGlobalSection
	GlobalSection(ExtensibilityGlobals) = postSolution
		SolutionGuid = {23FFB880-D52E-46AF-B723-9CCFAE37B797}
	EndGlobalSection
EndGlobal
